
Microsoft Visual Studio Solution File, Format Version 12.00
# Visual Studio 15
VisualStudioVersion = 15.0.27130.2026
MinimumVisualStudioVersion = 10.0.40219.1
Project("{FAE04EC0-301F-11D3-BF4B-00C04F79EFBC}") = "SummaringDigitsOfNumber", "SummaringDigitsOfNumber\SummaringDigitsOfNumber.csproj", "{15D4E0AC-E310-4957-8227-E590C5F724C5}"
EndProject
Project("{FAE04EC0-301F-11D3-BF4B-00C04F79EFBC}") = "GrowthOfPopulation", "GrowthOfPopulation\GrowthOfPopulation.csproj", "{7290CBFC-C81C-4AEB-BE3B-445DE0F9F654}"
EndProject
Project("{FAE04EC0-301F-11D3-BF4B-00C04F79EFBC}") = "TwoFightersOneWinner", "TwoFightersOneWinner\TwoFightersOneWinner.csproj", "{7525D1F2-60EC-4F65-B179-F060DCB89660}"
EndProject
Project("{FAE04EC0-301F-11D3-BF4B-00C04F79EFBC}") = "MultiplesOf3Or5", "MultiplesOf3Or5\MultiplesOf3Or5.csproj", "{D5382549-E6DF-436A-9238-26934AF4D1A6}"
EndProject
Project("{FAE04EC0-301F-11D3-BF4B-00C04F79EFBC}") = "HighestScoringWord", "HighestScoringWord\HighestScoringWord.csproj", "{D5ADADD1-A0CB-4AC5-B386-3777B36CBBC7}"
EndProject
Project("{FAE04EC0-301F-11D3-BF4B-00C04F79EFBC}") = "YouOnlyNeedOne", "YouOnlyNeedOne\YouOnlyNeedOne.csproj", "{67366438-7EE7-4C59-BC9D-D4F993FB4127}"
EndProject
Project("{FAE04EC0-301F-11D3-BF4B-00C04F79EFBC}") = "SentenceSmash", "SentenceSmash\SentenceSmash.csproj", "{6CCC2DB5-6952-43CB-963A-AEA6B0983FC5}"
EndProject
Project("{FAE04EC0-301F-11D3-BF4B-00C04F79EFBC}") = "Abbreviate a Two Word Name", "Abbreviate a Two Word Name\Abbreviate a Two Word Name.csproj", "{FCA1DFA9-D786-4E23-8FAB-7333B9DF0172}"
EndProject
Project("{FAE04EC0-301F-11D3-BF4B-00C04F79EFBC}") = "SupersizeDigits", "SupersizeDigits\SupersizeDigits.csproj", "{E9BF7207-13FD-4875-BBFE-F41C43EB0A3D}"
EndProject
Global
	GlobalSection(SolutionConfigurationPlatforms) = preSolution
		Debug|Any CPU = Debug|Any CPU
		Release|Any CPU = Release|Any CPU
	EndGlobalSection
	GlobalSection(ProjectConfigurationPlatforms) = postSolution
		{15D4E0AC-E310-4957-8227-E590C5F724C5}.Debug|Any CPU.ActiveCfg = Debug|Any CPU
		{15D4E0AC-E310-4957-8227-E590C5F724C5}.Debug|Any CPU.Build.0 = Debug|Any CPU
		{15D4E0AC-E310-4957-8227-E590C5F724C5}.Release|Any CPU.ActiveCfg = Release|Any CPU
		{15D4E0AC-E310-4957-8227-E590C5F724C5}.Release|Any CPU.Build.0 = Release|Any CPU
		{7290CBFC-C81C-4AEB-BE3B-445DE0F9F654}.Debug|Any CPU.ActiveCfg = Debug|Any CPU
		{7290CBFC-C81C-4AEB-BE3B-445DE0F9F654}.Debug|Any CPU.Build.0 = Debug|Any CPU
		{7290CBFC-C81C-4AEB-BE3B-445DE0F9F654}.Release|Any CPU.ActiveCfg = Release|Any CPU
		{7290CBFC-C81C-4AEB-BE3B-445DE0F9F654}.Release|Any CPU.Build.0 = Release|Any CPU
		{7525D1F2-60EC-4F65-B179-F060DCB89660}.Debug|Any CPU.ActiveCfg = Debug|Any CPU
		{7525D1F2-60EC-4F65-B179-F060DCB89660}.Debug|Any CPU.Build.0 = Debug|Any CPU
		{7525D1F2-60EC-4F65-B179-F060DCB89660}.Release|Any CPU.ActiveCfg = Release|Any CPU
		{7525D1F2-60EC-4F65-B179-F060DCB89660}.Release|Any CPU.Build.0 = Release|Any CPU
		{D5382549-E6DF-436A-9238-26934AF4D1A6}.Debug|Any CPU.ActiveCfg = Debug|Any CPU
		{D5382549-E6DF-436A-9238-26934AF4D1A6}.Debug|Any CPU.Build.0 = Debug|Any CPU
		{D5382549-E6DF-436A-9238-26934AF4D1A6}.Release|Any CPU.ActiveCfg = Release|Any CPU
		{D5382549-E6DF-436A-9238-26934AF4D1A6}.Release|Any CPU.Build.0 = Release|Any CPU
		{D5ADADD1-A0CB-4AC5-B386-3777B36CBBC7}.Debug|Any CPU.ActiveCfg = Debug|Any CPU
		{D5ADADD1-A0CB-4AC5-B386-3777B36CBBC7}.Debug|Any CPU.Build.0 = Debug|Any CPU
		{D5ADADD1-A0CB-4AC5-B386-3777B36CBBC7}.Release|Any CPU.ActiveCfg = Release|Any CPU
		{D5ADADD1-A0CB-4AC5-B386-3777B36CBBC7}.Release|Any CPU.Build.0 = Release|Any CPU
		{67366438-7EE7-4C59-BC9D-D4F993FB4127}.Debug|Any CPU.ActiveCfg = Debug|Any CPU
		{67366438-7EE7-4C59-BC9D-D4F993FB4127}.Debug|Any CPU.Build.0 = Debug|Any CPU
		{67366438-7EE7-4C59-BC9D-D4F993FB4127}.Release|Any CPU.ActiveCfg = Release|Any CPU
		{67366438-7EE7-4C59-BC9D-D4F993FB4127}.Release|Any CPU.Build.0 = Release|Any CPU
		{6CCC2DB5-6952-43CB-963A-AEA6B0983FC5}.Debug|Any CPU.ActiveCfg = Debug|Any CPU
		{6CCC2DB5-6952-43CB-963A-AEA6B0983FC5}.Debug|Any CPU.Build.0 = Debug|Any CPU
		{6CCC2DB5-6952-43CB-963A-AEA6B0983FC5}.Release|Any CPU.ActiveCfg = Release|Any CPU
		{6CCC2DB5-6952-43CB-963A-AEA6B0983FC5}.Release|Any CPU.Build.0 = Release|Any CPU
		{FCA1DFA9-D786-4E23-8FAB-7333B9DF0172}.Debug|Any CPU.ActiveCfg = Debug|Any CPU
		{FCA1DFA9-D786-4E23-8FAB-7333B9DF0172}.Debug|Any CPU.Build.0 = Debug|Any CPU
		{FCA1DFA9-D786-4E23-8FAB-7333B9DF0172}.Release|Any CPU.ActiveCfg = Release|Any CPU
		{FCA1DFA9-D786-4E23-8FAB-7333B9DF0172}.Release|Any CPU.Build.0 = Release|Any CPU
		{E9BF7207-13FD-4875-BBFE-F41C43EB0A3D}.Debug|Any CPU.ActiveCfg = Debug|Any CPU
		{E9BF7207-13FD-4875-BBFE-F41C43EB0A3D}.Debug|Any CPU.Build.0 = Debug|Any CPU
		{E9BF7207-13FD-4875-BBFE-F41C43EB0A3D}.Release|Any CPU.ActiveCfg = Release|Any CPU
		{E9BF7207-13FD-4875-BBFE-F41C43EB0A3D}.Release|Any CPU.Build.0 = Release|Any CPU
	EndGlobalSection
	GlobalSection(SolutionProperties) = preSolution
		HideSolutionNode = FALSE
	EndGlobalSection
	GlobalSection(ExtensibilityGlobals) = postSolution
		SolutionGuid = {E640BC8A-D751-4F18-A325-4F67E548E5ED}
	EndGlobalSection
EndGlobal
